{
  "name": "foundation-sites-template",
  "version": "1.0.0",
  "lockfileVersion": 1,
  "requires": true,
  "dependencies": {
    "browser-sync": {
      "version": "2.23.6",
      "resolved": "https://registry.npmjs.org/browser-sync/-/browser-sync-2.23.6.tgz",
      "integrity": "sha512-loCO5NQKZXfBJrEvmLwF1TPSECCsPopNd29qduoysLmpw8op2lgolGMjz3oI/MjG4duzB9TfDs7k58djRSwPwg==",
      "dev": true
    },
    "gulp": {
      "version": "3.9.1",
      "resolved": "https://registry.npmjs.org/gulp/-/gulp-3.9.1.tgz",
      "integrity": "sha1-VxzkWSjdQK9lFPxAEYZgFsE4RbQ=",
      "dev": true,
      "dependencies": {
        "semver": {
          "version": "4.3.6",
          "resolved": "https://registry.npmjs.org/semver/-/semver-4.3.6.tgz",
          "integrity": "sha1-MAvG4OhjdPe6YQaLWx7NV/xlMto="
        }
      }
    },
    "gulp-autoprefixer": {
      "version": "3.1.1",
      "resolved": "https://registry.npmjs.org/gulp-autoprefixer/-/gulp-autoprefixer-3.1.1.tgz",
      "integrity": "sha1-dSMAUc0NFxND14O36bXREg7u+bA="
    },
    "gulp-concat": {
      "version": "2.6.1",
      "resolved": "https://registry.npmjs.org/gulp-concat/-/gulp-concat-2.6.1.tgz",
      "integrity": "sha1-Yz0WyV2IUEYorQJmVmPO5aR5M1M=",
      "dev": true,
      "dependencies": {
        "clone": {
          "version": "2.1.1",
          "resolved": "https://registry.npmjs.org/clone/-/clone-2.1.1.tgz",
          "integrity": "sha1-0hfR6WERjjrJpLi7oyhVU79kfNs="
        },
        "clone-stats": {
          "version": "1.0.0",
          "resolved": "https://registry.npmjs.org/clone-stats/-/clone-stats-1.0.0.tgz",
          "integrity": "sha1-s3gt/4u1R04Yuba/D9/ngvh3doA="
        },
        "replace-ext": {
          "version": "1.0.0",
          "resolved": "https://registry.npmjs.org/replace-ext/-/replace-ext-1.0.0.tgz",
          "integrity": "sha1-3mMSg3P8v3w8z6TeWkgMRaZ5WOs="
        },
        "vinyl": {
          "version": "2.1.0",
          "resolved": "https://registry.npmjs.org/vinyl/-/vinyl-2.1.0.tgz",
          "integrity": "sha1-Ah+cLPlR1rk5lDyJ617lrdT9kkw="
        }
      }
    },
    "gulp-gh-pages": {
      "version": "0.5.4",
      "resolved": "https://registry.npmjs.org/gulp-gh-pages/-/gulp-gh-pages-0.5.4.tgz",
      "integrity": "sha1-pnMspHWrm1pTJTwcJHNMQMIbZUY=",
      "dev": true,
      "dependencies": {
        "glob": {
          "version": "5.0.15",
          "resolved": "https://registry.npmjs.org/glob/-/glob-5.0.15.tgz",
          "integrity": "sha1-G8k2ueAvSmA/zCIuz3Yz0wuLk7E="
        },
        "glob-parent": {
          "version": "3.1.0",
          "resolved": "https://registry.npmjs.org/glob-parent/-/glob-parent-3.1.0.tgz",
          "integrity": "sha1-nmr2KZ2NO9K9QEMIMr0RPfkGxa4="
        },
        "glob-stream": {
          "version": "5.3.5",
          "resolved": "https://registry.npmjs.org/glob-stream/-/glob-stream-5.3.5.tgz",
          "integrity": "sha1-pVZlqajM3EGRWofHAeMtTgFvrSI=",
          "dependencies": {
            "isarray": {
              "version": "0.0.1",
              "resolved": "https://registry.npmjs.org/isarray/-/isarray-0.0.1.tgz",
              "integrity": "sha1-ihis/Kmo9Bd+Cav8YDiTmwXR7t8="
            },
            "readable-stream": {
              "version": "1.0.34",
              "resolved": "https://registry.npmjs.org/readable-stream/-/readable-stream-1.0.34.tgz",
              "integrity": "sha1-Elgg40vIQtLyqq+v5MKRbuMsFXw="
            },
            "string_decoder": {
              "version": "0.10.31",
              "resolved": "https://registry.npmjs.org/string_decoder/-/string_decoder-0.10.31.tgz",
              "integrity": "sha1-YuIDvEF2bGwoyfyEMB2rHFMQ+pQ="
            },
            "through2": {
              "version": "0.6.5",
              "resolved": "https://registry.npmjs.org/through2/-/through2-0.6.5.tgz",
              "integrity": "sha1-QaucZ7KdVyCQcUEOHXp6lozTrUg="
            }
          }
        },
        "is-extglob": {
          "version": "2.1.1",
          "resolved": "https://registry.npmjs.org/is-extglob/-/is-extglob-2.1.1.tgz",
          "integrity": "sha1-qIwCU1eR8C7TfHahueqXc8gz+MI="
        },
        "is-glob": {
          "version": "3.1.0",
          "resolved": "https://registry.npmjs.org/is-glob/-/is-glob-3.1.0.tgz",
          "integrity": "sha1-e6WuJCF4BKxwcHuWkiVnSGzD6Eo="
        },
        "isarray": {
          "version": "1.0.0",
          "resolved": "https://registry.npmjs.org/isarray/-/isarray-1.0.0.tgz",
          "integrity": "sha1-u5NdSFgsuhaMBoNJV6VKPgcSTxE="
        },
        "object-assign": {
          "version": "4.1.1",
          "resolved": "https://registry.npmjs.org/object-assign/-/object-assign-4.1.1.tgz",
          "integrity": "sha1-IQmtx5ZYh8/AXLvUQsrIv7s2CGM="
        },
        "ordered-read-streams": {
          "version": "0.3.0",
          "resolved": "https://registry.npmjs.org/ordered-read-streams/-/ordered-read-streams-0.3.0.tgz",
          "integrity": "sha1-cTfmmzKYuzQiR6G77jiByA4v14s="
        },
        "readable-stream": {
          "version": "2.3.5",
          "resolved": "https://registry.npmjs.org/readable-stream/-/readable-stream-2.3.5.tgz",
          "integrity": "sha512-tK0yDhrkygt/knjowCUiWP9YdV7c5R+8cR0r/kt9ZhBU906Fs6RpQJCEilamRJj1Nx2rWI6LkW9gKqjTkshhEw=="
        },
        "string_decoder": {
          "version": "1.0.3",
          "resolved": "https://registry.npmjs.org/string_decoder/-/string_decoder-1.0.3.tgz",
          "integrity": "sha512-4AH6Z5fzNNBcH+6XDMfA/BTt87skxqJlO0lAh3Dker5zThcAxG6mKz+iGu308UKoPPQ8Dcqx/4JhujzltRa+hQ=="
        },
        "unique-stream": {
          "version": "2.2.1",
          "resolved": "https://registry.npmjs.org/unique-stream/-/unique-stream-2.2.1.tgz",
          "integrity": "sha1-WqADz76Uxf+GbE59ZouxxNuts2k="
        },
        "vinyl": {
          "version": "1.2.0",
          "resolved": "https://registry.npmjs.org/vinyl/-/vinyl-1.2.0.tgz",
          "integrity": "sha1-XIgDbPVl5d8FVYv8kR+GVt8hiIQ="
        },
        "vinyl-fs": {
          "version": "2.4.4",
          "resolved": "https://registry.npmjs.org/vinyl-fs/-/vinyl-fs-2.4.4.tgz",
          "integrity": "sha1-vm/zJwy1Xf19MGNkDegfJddTIjk="
        }
      }
    },
    "gulp-htmlmin": {
      "version": "3.0.0",
      "resolved": "https://registry.npmjs.org/gulp-htmlmin/-/gulp-htmlmin-3.0.0.tgz",
      "integrity": "sha1-GeqAAtEjHWsfGKEtIPKmand3D7M=",
      "dev": true,
      "dependencies": {
        "isarray": {
          "version": "1.0.0",
          "resolved": "https://registry.npmjs.org/isarray/-/isarray-1.0.0.tgz",
          "integrity": "sha1-u5NdSFgsuhaMBoNJV6VKPgcSTxE="
        },
        "object-assign": {
          "version": "4.1.1",
          "resolved": "https://registry.npmjs.org/object-assign/-/object-assign-4.1.1.tgz",
          "integrity": "sha1-IQmtx5ZYh8/AXLvUQsrIv7s2CGM="
        },
        "readable-stream": {
          "version": "2.3.5",
          "resolved": "https://registry.npmjs.org/readable-stream/-/readable-stream-2.3.5.tgz",
          "integrity": "sha512-tK0yDhrkygt/knjowCUiWP9YdV7c5R+8cR0r/kt9ZhBU906Fs6RpQJCEilamRJj1Nx2rWI6LkW9gKqjTkshhEw=="
        },
        "string_decoder": {
          "version": "1.0.3",
          "resolved": "https://registry.npmjs.org/string_decoder/-/string_decoder-1.0.3.tgz",
          "integrity": "sha512-4AH6Z5fzNNBcH+6XDMfA/BTt87skxqJlO0lAh3Dker5zThcAxG6mKz+iGu308UKoPPQ8Dcqx/4JhujzltRa+hQ=="
        }
      }
    },
    "gulp-livereload": {
      "version": "3.8.1",
      "resolved": "https://registry.npmjs.org/gulp-livereload/-/gulp-livereload-3.8.1.tgz",
      "integrity": "sha1-APdEstdJ0+njdGWJyKRKysd5tQ8=",
      "dev": true,
      "dependencies": {
        "ansi-regex": {
          "version": "0.2.1",
          "resolved": "https://registry.npmjs.org/ansi-regex/-/ansi-regex-0.2.1.tgz",
          "integrity": "sha1-DY6UaWej2BQ/k+JOKYUl/BsiNfk="
        },
        "ansi-styles": {
          "version": "1.1.0",
          "resolved": "https://registry.npmjs.org/ansi-styles/-/ansi-styles-1.1.0.tgz",
          "integrity": "sha1-6uy/Zs1waIJ2Cy9GkVgrj1XXp94="
        },
        "chalk": {
          "version": "0.5.1",
          "resolved": "https://registry.npmjs.org/chalk/-/chalk-0.5.1.tgz",
          "integrity": "sha1-Zjs6ZItotV0EaQ1JFnqoN4WPIXQ="
        },
        "has-ansi": {
          "version": "0.1.0",
          "resolved": "https://registry.npmjs.org/has-ansi/-/has-ansi-0.1.0.tgz",
          "integrity": "sha1-hPJlqujA5qiKEtcCKJS3VoiUxi4="
        },
        "strip-ansi": {
          "version": "0.3.0",
          "resolved": "https://registry.npmjs.org/strip-ansi/-/strip-ansi-0.3.0.tgz",
          "integrity": "sha1-JfSOoiynkYfzF0pNuHWTR7sSYiA="
        },
        "supports-color": {
          "version": "0.2.0",
          "resolved": "https://registry.npmjs.org/supports-color/-/supports-color-0.2.0.tgz",
          "integrity": "sha1-2S3iaU6z9nMjlz1649i1W0wiGQo="
        }
      }
    },
    "gulp-load-plugins": {
      "version": "1.5.0",
      "resolved": "https://registry.npmjs.org/gulp-load-plugins/-/gulp-load-plugins-1.5.0.tgz",
      "integrity": "sha1-TEGffldk2aDjMGG6uWGPgbc9QXE=",
      "dev": true,
      "dependencies": {
        "detect-file": {
          "version": "0.1.0",
          "resolved": "https://registry.npmjs.org/detect-file/-/detect-file-0.1.0.tgz",
          "integrity": "sha1-STXe39lIhkjgBrASlWbpOGcR6mM="
        },
        "expand-tilde": {
          "version": "1.2.2",
          "resolved": "https://registry.npmjs.org/expand-tilde/-/expand-tilde-1.2.2.tgz",
          "integrity": "sha1-C4HrqJflo9MdHD0QL48BRB5VlEk="
        },
        "findup-sync": {
          "version": "0.4.3",
          "resolved": "https://registry.npmjs.org/findup-sync/-/findup-sync-0.4.3.tgz",
          "integrity": "sha1-QAQ5Kee8YK3wt/SCfExudaDeyhI="
        },
        "global-modules": {
          "version": "0.2.3",
          "resolved": "https://registry.npmjs.org/global-modules/-/global-modules-0.2.3.tgz",
          "integrity": "sha1-6lo77ULG1s6ZWk+KEmm12uIjgo0="
        },
        "global-prefix": {
          "version": "0.1.5",
          "resolved": "https://registry.npmjs.org/global-prefix/-/global-prefix-0.1.5.tgz",
          "integrity": "sha1-jTvGuNo8qBEqFg2NSW/wRiv+948="
        },
        "is-windows": {
          "version": "0.2.0",
          "resolved": "https://registry.npmjs.org/is-windows/-/is-windows-0.2.0.tgz",
          "integrity": "sha1-3hqm1j6indJIc3tp8f+LgALSEIw="
        },
        "resolve-dir": {
          "version": "0.1.1",
          "resolved": "https://registry.npmjs.org/resolve-dir/-/resolve-dir-0.1.1.tgz",
          "integrity": "sha1-shklmlYC+sXFxJatiUpujMQwJh4="
        }
      }
    },
    "gulp-rename": {
      "version": "1.2.2",
      "resolved": "https://registry.npmjs.org/gulp-rename/-/gulp-rename-1.2.2.tgz",
      "integrity": "sha1-OtRCh2PwXidk3sHGfYaNsnVoeBc=",
      "dev": true
    },
    "gulp-sass": {
      "version": "2.3.2",
      "resolved": "https://registry.npmjs.org/gulp-sass/-/gulp-sass-2.3.2.tgz",
      "integrity": "sha1-grerkP6QLNw0wE8YDZLyw0kC3VI=",
      "dev": true
    },
    "gulp-shell": {
      "version": "0.5.2",
      "resolved": "https://registry.npmjs.org/gulp-shell/-/gulp-shell-0.5.2.tgz",
      "integrity": "sha1-pJWcoGUa0ce7/nCy0K27tOGuqY0=",
      "dev": true
    },
    "gulp-uglify": {
      "version": "2.1.2",
      "resolved": "https://registry.npmjs.org/gulp-uglify/-/gulp-uglify-2.1.2.tgz",
      "integrity": "sha1-bbhbHQ7mPRgFhZK2WGSdZcLsRUE=",
      "dev": true,
      "dependencies": {
        "cliui": {
          "version": "2.1.0",
          "resolved": "https://registry.npmjs.org/cliui/-/cliui-2.1.0.tgz",
          "integrity": "sha1-S0dXYP+AJkx2LDoXGQMukcf+oNE="
        },
        "uglify-js": {
          "version": "2.8.29",
          "resolved": "https://registry.npmjs.org/uglify-js/-/uglify-js-2.8.29.tgz",
          "integrity": "sha1-KcVzMUgFe7Th913zW3qcty5qWd0="
        },
        "window-size": {
          "version": "0.1.0",
          "resolved": "https://registry.npmjs.org/window-size/-/window-size-0.1.0.tgz",
          "integrity": "sha1-VDjNLqk7IC76Ohn+iIeu58lPnJ0="
        },
        "yargs": {
          "version": "3.10.0",
          "resolved": "https://registry.npmjs.org/yargs/-/yargs-3.10.0.tgz",
          "integrity": "sha1-9+572FfdfB0tOMDnTvvWgdFDH9E="
        }
      }
    },
    "lodash": {
      "version": "4.17.21",
      "resolved": "https://registry.npmjs.org/lodash/-/lodash-4.17.21.tgz",
      "integrity": "sha512-v2kDEe57lecTulaDIuNTPy3Ry4gLGJ6Z1O3vE1krgXZNrsQ+LFTGHVxVjcXPs17LhbZVGedAJv8XZ1tvj5FvSg==",
      "dev": true
    },
    "path": {
      "version": "0.12.7",
      "resolved": "https://registry.npmjs.org/path/-/path-0.12.7.tgz",
      "integrity": "sha1-1NwqUGxM4hl+tIHr/NWzbAFAsQ8=",
      "dev": true
    },
    "slick-carousel": {
      "version": "1.8.1",
      "resolved": "https://registry.npmjs.org/slick-carousel/-/slick-carousel-1.8.1.tgz",
      "integrity": "sha512-XB9Ftrf2EEKfzoQXt3Nitrt/IPbT+f1fgqBdoxO3W/+JYvtEOW6EgxnWfr9GH6nmULv7Y2tPmEX3koxThVmebA=="
    }
  }
}
